
Microsoft Visual Studio Solution File, Format Version 12.00
# Visual Studio Version 17
VisualStudioVersion = 17.5.002.0
MinimumVisualStudioVersion = 10.0.40219.1
Project("{9A19103F-16F7-4668-BE54-9A1E7A4F7556}") = "StoreApp", "StoreApp.csproj", "{503A0AC3-8FA9-41A7-B0D0-8A2D5D75B52D}"
EndProject
Global
	GlobalSection(SolutionConfigurationPlatforms) = preSolution
		Debug|Any CPU = Debug|Any CPU
		Release|Any CPU = Release|Any CPU
	EndGlobalSection
	GlobalSection(ProjectConfigurationPlatforms) = postSolution
		{503A0AC3-8FA9-41A7-B0D0-8A2D5D75B52D}.Debug|Any CPU.ActiveCfg = Debug|Any CPU
		{503A0AC3-8FA9-41A7-B0D0-8A2D5D75B52D}.Debug|Any CPU.Build.0 = Debug|Any CPU
		{503A0AC3-8FA9-41A7-B0D0-8A2D5D75B52D}.Release|Any CPU.ActiveCfg = Release|Any CPU
		{503A0AC3-8FA9-41A7-B0D0-8A2D5D75B52D}.Release|Any CPU.Build.0 = Release|Any CPU
	EndGlobalSection
	GlobalSection(SolutionProperties) = preSolution
		HideSolutionNode = FALSE
	EndGlobalSection
	GlobalSection(ExtensibilityGlobals) = postSolution
		SolutionGuid = {CA6F5B3C-7D8A-4039-A14B-2402A680F5D7}
	EndGlobalSection
EndGlobal
